// !$*UTF8*$!
{
	archiveVersion = 1;
	classes = {
	};
	objectVersion = 46;
	objects = {

/* Begin PBXBuildFile section */
		E74932D81D2CC367009AF9B0 /* Funnel.png in Resources */ = {isa = PBXBuildFile; fileRef = E74932D71D2CC367009AF9B0 /* Funnel.png */; };
		E75569121D2C798E0015D157 /* AppDelegate.swift in Sources */ = {isa = PBXBuildFile; fileRef = E75569111D2C798E0015D157 /* AppDelegate.swift */; };
		E75569141D2C798E0015D157 /* GameScene.sks in Resources */ = {isa = PBXBuildFile; fileRef = E75569131D2C798E0015D157 /* GameScene.sks */; };
		E75569161D2C798E0015D157 /* GameScene.swift in Sources */ = {isa = PBXBuildFile; fileRef = E75569151D2C798E0015D157 /* GameScene.swift */; };
		E75569181D2C798E0015D157 /* GameViewController.swift in Sources */ = {isa = PBXBuildFile; fileRef = E75569171D2C798E0015D157 /* GameViewController.swift */; };
		E755691B1D2C798E0015D157 /* Main.storyboard in Resources */ = {isa = PBXBuildFile; fileRef = E75569191D2C798E0015D157 /* Main.storyboard */; };
		E755691D1D2C798E0015D157 /* Assets.xcassets in Resources */ = {isa = PBXBuildFile; fileRef = E755691C1D2C798E0015D157 /* Assets.xcassets */; };
		E75569201D2C798E0015D157 /* LaunchScreen.storyboard in Resources */ = {isa = PBXBuildFile; fileRef = E755691E1D2C798E0015D157 /* LaunchScreen.storyboard */; };
		E755692B1D2C798E0015D157 /* BallzTests.swift in Sources */ = {isa = PBXBuildFile; fileRef = E755692A1D2C798E0015D157 /* BallzTests.swift */; };
		E75569361D2C798E0015D157 /* BallzUITests.swift in Sources */ = {isa = PBXBuildFile; fileRef = E75569351D2C798E0015D157 /* BallzUITests.swift */; };
		E755694A1D2C7BC30015D157 /* Black Ball.png in Resources */ = {isa = PBXBuildFile; fileRef = E75569431D2C7BC30015D157 /* Black Ball.png */; };
		E755694B1D2C7BC30015D157 /* Blue Ball.png in Resources */ = {isa = PBXBuildFile; fileRef = E75569441D2C7BC30015D157 /* Blue Ball.png */; };
		E755694C1D2C7BC30015D157 /* Green Ball.png in Resources */ = {isa = PBXBuildFile; fileRef = E75569451D2C7BC30015D157 /* Green Ball.png */; };
		E755694D1D2C7BC30015D157 /* Rainbow Ball.png in Resources */ = {isa = PBXBuildFile; fileRef = E75569461D2C7BC30015D157 /* Rainbow Ball.png */; };
		E755694E1D2C7BC30015D157 /* Red Ball.png in Resources */ = {isa = PBXBuildFile; fileRef = E75569471D2C7BC30015D157 /* Red Ball.png */; };
		E755694F1D2C7BC30015D157 /* Windmill Thing.png in Resources */ = {isa = PBXBuildFile; fileRef = E75569481D2C7BC30015D157 /* Windmill Thing.png */; };
		E75569501D2C7BC30015D157 /* Yellow Ball.png in Resources */ = {isa = PBXBuildFile; fileRef = E75569491D2C7BC30015D157 /* Yellow Ball.png */; };
		E75569541D2C7E2F0015D157 /* Ball.swift in Sources */ = {isa = PBXBuildFile; fileRef = E75569531D2C7E2F0015D157 /* Ball.swift */; };
		E75569581D2C94060015D157 /* Funnel Cap.png in Resources */ = {isa = PBXBuildFile; fileRef = E75569561D2C94060015D157 /* Funnel Cap.png */; };
/* End PBXBuildFile section */

/* Begin PBXContainerItemProxy section */
		E75569271D2C798E0015D157 /* PBXContainerItemProxy */ = {
			isa = PBXContainerItemProxy;
			containerPortal = E75569061D2C798E0015D157 /* Project object */;
			proxyType = 1;
			remoteGlobalIDString = E755690D1D2C798E0015D157;
			remoteInfo = Ballz;
		};
		E75569321D2C798E0015D157 /* PBXContainerItemProxy */ = {
			isa = PBXContainerItemProxy;
			containerPortal = E75569061D2C798E0015D157 /* Project object */;
			proxyType = 1;
			remoteGlobalIDString = E755690D1D2C798E0015D157;
			remoteInfo = Ballz;
		};
/* End PBXContainerItemProxy section */

/* Begin PBXFileReference section */
		E74932D71D2CC367009AF9B0 /* Funnel.png */ = {isa = PBXFileReference; lastKnownFileType = image.png; path = Funnel.png; sourceTree = "<group>"; };
		E755690E1D2C798E0015D157 /* Ballz.app */ = {isa = PBXFileReference; explicitFileType = wrapper.application; includeInIndex = 0; path = Ballz.app; sourceTree = BUILT_PRODUCTS_DIR; };
		E75569111D2C798E0015D157 /* AppDelegate.swift */ = {isa = PBXFileReference; lastKnownFileType = sourcecode.swift; path = AppDelegate.swift; sourceTree = "<group>"; };
		E75569131D2C798E0015D157 /* GameScene.sks */ = {isa = PBXFileReference; lastKnownFileType = file.sks; path = GameScene.sks; sourceTree = "<group>"; };
		E75569151D2C798E0015D157 /* GameScene.swift */ = {isa = PBXFileReference; lastKnownFileType = sourcecode.swift; path = GameScene.swift; sourceTree = "<group>"; };
		E75569171D2C798E0015D157 /* GameViewController.swift */ = {isa = PBXFileReference; lastKnownFileType = sourcecode.swift; path = GameViewController.swift; sourceTree = "<group>"; };
		E755691A1D2C798E0015D157 /* Base */ = {isa = PBXFileReference; lastKnownFileType = file.storyboard; name = Base; path = Base.lproj/Main.storyboard; sourceTree = "<group>"; };
		E755691C1D2C798E0015D157 /* Assets.xcassets */ = {isa = PBXFileReference; lastKnownFileType = folder.assetcatalog; path = Assets.xcassets; sourceTree = "<group>"; };
		E755691F1D2C798E0015D157 /* Base */ = {isa = PBXFileReference; lastKnownFileType = file.storyboard; name = Base; path = Base.lproj/LaunchScreen.storyboard; sourceTree = "<group>"; };
		E75569211D2C798E0015D157 /* Info.plist */ = {isa = PBXFileReference; lastKnownFileType = text.plist.xml; path = Info.plist; sourceTree = "<group>"; };
		E75569261D2C798E0015D157 /* BallzTests.xctest */ = {isa = PBXFileReference; explicitFileType = wrapper.cfbundle; includeInIndex = 0; path = BallzTests.xctest; sourceTree = BUILT_PRODUCTS_DIR; };
		E755692A1D2C798E0015D157 /* BallzTests.swift */ = {isa = PBXFileReference; lastKnownFileType = sourcecode.swift; path = BallzTests.swift; sourceTree = "<group>"; };
		E755692C1D2C798E0015D157 /* Info.plist */ = {isa = PBXFileReference; lastKnownFileType = text.plist.xml; path = Info.plist; sourceTree = "<group>"; };
		E75569311D2C798E0015D157 /* BallzUITests.xctest */ = {isa = PBXFileReference; explicitFileType = wrapper.cfbundle; includeInIndex = 0; path = BallzUITests.xctest; sourceTree = BUILT_PRODUCTS_DIR; };
		E75569351D2C798E0015D157 /* BallzUITests.swift */ = {isa = PBXFileReference; lastKnownFileType = sourcecode.swift; path = BallzUITests.swift; sourceTree = "<group>"; };
		E75569371D2C798E0015D157 /* Info.plist */ = {isa = PBXFileReference; lastKnownFileType = text.plist.xml; path = Info.plist; sourceTree = "<group>"; };
		E75569431D2C7BC30015D157 /* Black Ball.png */ = {isa = PBXFileReference; lastKnownFileType = image.png; path = "Black Ball.png"; sourceTree = "<group>"; };
		E75569441D2C7BC30015D157 /* Blue Ball.png */ = {isa = PBXFileReference; lastKnownFileType = image.png; path = "Blue Ball.png"; sourceTree = "<group>"; };
		E75569451D2C7BC30015D157 /* Green Ball.png */ = {isa = PBXFileReference; lastKnownFileType = image.png; path = "Green Ball.png"; sourceTree = "<group>"; };
		E75569461D2C7BC30015D157 /* Rainbow Ball.png */ = {isa = PBXFileReference; lastKnownFileType = image.png; path = "Rainbow Ball.png"; sourceTree = "<group>"; };
		E75569471D2C7BC30015D157 /* Red Ball.png */ = {isa = PBXFileReference; lastKnownFileType = image.png; path = "Red Ball.png"; sourceTree = "<group>"; };
		E75569481D2C7BC30015D157 /* Windmill Thing.png */ = {isa = PBXFileReference; lastKnownFileType = image.png; path = "Windmill Thing.png"; sourceTree = "<group>"; };
		E75569491D2C7BC30015D157 /* Yellow Ball.png */ = {isa = PBXFileReference; lastKnownFileType = image.png; path = "Yellow Ball.png"; sourceTree = "<group>"; };
		E75569531D2C7E2F0015D157 /* Ball.swift */ = {isa = PBXFileReference; fileEncoding = 4; lastKnownFileType = sourcecode.swift; path = Ball.swift; sourceTree = "<group>"; };
		E75569561D2C94060015D157 /* Funnel Cap.png */ = {isa = PBXFileReference; lastKnownFileType = image.png; path = "Funnel Cap.png"; sourceTree = "<group>"; };
/* End PBXFileReference section */

/* Begin PBXFrameworksBuildPhase section */
		E755690B1D2C798E0015D157 /* Frameworks */ = {
			isa = PBXFrameworksBuildPhase;
			buildActionMask = 2147483647;
			files = (
			);
			runOnlyForDeploymentPostprocessing = 0;
		};
		E75569231D2C798E0015D157 /* Frameworks */ = {
			isa = PBXFrameworksBuildPhase;
			buildActionMask = 2147483647;
			files = (
			);
			runOnlyForDeploymentPostprocessing = 0;
		};
		E755692E1D2C798E0015D157 /* Frameworks */ = {
			isa = PBXFrameworksBuildPhase;
			buildActionMask = 2147483647;
			files = (
			);
			runOnlyForDeploymentPostprocessing = 0;
		};
/* End PBXFrameworksBuildPhase section */

/* Begin PBXGroup section */
		E75569051D2C798E0015D157 = {
			isa = PBXGroup;
			children = (
				E75569101D2C798E0015D157 /* Ballz */,
				E75569291D2C798E0015D157 /* BallzTests */,
				E75569341D2C798E0015D157 /* BallzUITests */,
				E755690F1D2C798E0015D157 /* Products */,
			);
			sourceTree = "<group>";
		};
		E755690F1D2C798E0015D157 /* Products */ = {
			isa = PBXGroup;
			children = (
				E755690E1D2C798E0015D157 /* Ballz.app */,
				E75569261D2C798E0015D157 /* BallzTests.xctest */,
				E75569311D2C798E0015D157 /* BallzUITests.xctest */,
			);
			name = Products;
			sourceTree = "<group>";
		};
		E75569101D2C798E0015D157 /* Ballz */ = {
			isa = PBXGroup;
			children = (
				E75569111D2C798E0015D157 /* AppDelegate.swift */,
				E75569131D2C798E0015D157 /* GameScene.sks */,
				E75569531D2C7E2F0015D157 /* Ball.swift */,
				E75569151D2C798E0015D157 /* GameScene.swift */,
				E75569171D2C798E0015D157 /* GameViewController.swift */,
				E75569191D2C798E0015D157 /* Main.storyboard */,
				E755691C1D2C798E0015D157 /* Assets.xcassets */,
				E755691E1D2C798E0015D157 /* LaunchScreen.storyboard */,
				E75569211D2C798E0015D157 /* Info.plist */,
				E75569431D2C7BC30015D157 /* Black Ball.png */,
				E75569441D2C7BC30015D157 /* Blue Ball.png */,
				E75569451D2C7BC30015D157 /* Green Ball.png */,
				E75569461D2C7BC30015D157 /* Rainbow Ball.png */,
				E75569471D2C7BC30015D157 /* Red Ball.png */,
				E75569481D2C7BC30015D157 /* Windmill Thing.png */,
				E75569561D2C94060015D157 /* Funnel Cap.png */,
				E74932D71D2CC367009AF9B0 /* Funnel.png */,
				E75569491D2C7BC30015D157 /* Yellow Ball.png */,
			);
			path = Ballz;
			sourceTree = "<group>";
		};
		E75569291D2C798E0015D157 /* BallzTests */ = {
			isa = PBXGroup;
			children = (
				E755692A1D2C798E0015D157 /* BallzTests.swift */,
				E755692C1D2C798E0015D157 /* Info.plist */,
			);
			path = BallzTests;
			sourceTree = "<group>";
		};
		E75569341D2C798E0015D157 /* BallzUITests */ = {
			isa = PBXGroup;
			children = (
				E75569351D2C798E0015D157 /* BallzUITests.swift */,
				E75569371D2C798E0015D157 /* Info.plist */,
			);
			path = BallzUITests;
			sourceTree = "<group>";
		};
/* End PBXGroup section */

/* Begin PBXNativeTarget section */
		E755690D1D2C798E0015D157 /* Ballz */ = {
			isa = PBXNativeTarget;
			buildConfigurationList = E755693A1D2C798E0015D157 /* Build configuration list for PBXNativeTarget "Ballz" */;
			buildPhases = (
				E755690A1D2C798E0015D157 /* Sources */,
				E755690B1D2C798E0015D157 /* Frameworks */,
				E755690C1D2C798E0015D157 /* Resources */,
			);
			buildRules = (
			);
			dependencies = (
			);
			name = Ballz;
			productName = Ballz;
			productReference = E755690E1D2C798E0015D157 /* Ballz.app */;
			productType = "com.apple.product-type.application";
		};
		E75569251D2C798E0015D157 /* BallzTests */ = {
			isa = PBXNativeTarget;
			buildConfigurationList = E755693D1D2C798E0015D157 /* Build configuration list for PBXNativeTarget "BallzTests" */;
			buildPhases = (
				E75569221D2C798E0015D157 /* Sources */,
				E75569231D2C798E0015D157 /* Frameworks */,
				E75569241D2C798E0015D157 /* Resources */,
			);
			buildRules = (
			);
			dependencies = (
				E75569281D2C798E0015D157 /* PBXTargetDependency */,
			);
			name = BallzTests;
			productName = BallzTests;
			productReference = E75569261D2C798E0015D157 /* BallzTests.xctest */;
			productType = "com.apple.product-type.bundle.unit-test";
		};
		E75569301D2C798E0015D157 /* BallzUITests */ = {
			isa = PBXNativeTarget;
			buildConfigurationList = E75569401D2C798E0015D157 /* Build configuration list for PBXNativeTarget "BallzUITests" */;
			buildPhases = (
				E755692D1D2C798E0015D157 /* Sources */,
				E755692E1D2C798E0015D157 /* Frameworks */,
				E755692F1D2C798E0015D157 /* Resources */,
			);
			buildRules = (
			);
			dependencies = (
				E75569331D2C798E0015D157 /* PBXTargetDependency */,
			);
			name = BallzUITests;
			productName = BallzUITests;
			productReference = E75569311D2C798E0015D157 /* BallzUITests.xctest */;
			productType = "com.apple.product-type.bundle.ui-testing";
		};
/* End PBXNativeTarget section */

/* Begin PBXProject section */
		E75569061D2C798E0015D157 /* Project object */ = {
			isa = PBXProject;
			attributes = {
				LastSwiftUpdateCheck = 0730;
				LastUpgradeCheck = 0730;
				ORGANIZATIONNAME = "Alan Gao";
				TargetAttributes = {
					E755690D1D2C798E0015D157 = {
						CreatedOnToolsVersion = 7.3.1;
					};
					E75569251D2C798E0015D157 = {
						CreatedOnToolsVersion = 7.3.1;
						TestTargetID = E755690D1D2C798E0015D157;
					};
					E75569301D2C798E0015D157 = {
						CreatedOnToolsVersion = 7.3.1;
						TestTargetID = E755690D1D2C798E0015D157;
					};
				};
			};
			buildConfigurationList = E75569091D2C798E0015D157 /* Build configuration list for PBXProject "Ballz" */;
			compatibilityVersion = "Xcode 3.2";
			developmentRegion = English;
			hasScannedForEncodings = 0;
			knownRegions = (
				en,
				Base,
			);
			mainGroup = E75569051D2C798E0015D157;
			productRefGroup = E755690F1D2C798E0015D157 /* Products */;
			projectDirPath = "";
			projectRoot = "";
			targets = (
				E755690D1D2C798E0015D157 /* Ballz */,
				E75569251D2C798E0015D157 /* BallzTests */,
				E75569301D2C798E0015D157 /* BallzUITests */,
			);
		};
/* End PBXProject section */

/* Begin PBXResourcesBuildPhase section */
		E755690C1D2C798E0015D157 /* Resources */ = {
			isa = PBXResourcesBuildPhase;
			buildActionMask = 2147483647;
			files = (
				E755694D1D2C7BC30015D157 /* Rainbow Ball.png in Resources */,
				E75569501D2C7BC30015D157 /* Yellow Ball.png in Resources */,
				E75569141D2C798E0015D157 /* GameScene.sks in Resources */,
				E755694B1D2C7BC30015D157 /* Blue Ball.png in Resources */,
				E755694C1D2C7BC30015D157 /* Green Ball.png in Resources */,
				E75569201D2C798E0015D157 /* LaunchScreen.storyboard in Resources */,
				E75569581D2C94060015D157 /* Funnel Cap.png in Resources */,
				E755691D1D2C798E0015D157 /* Assets.xcassets in Resources */,
				E755694E1D2C7BC30015D157 /* Red Ball.png in Resources */,
				E755694A1D2C7BC30015D157 /* Black Ball.png in Resources */,
				E755691B1D2C798E0015D157 /* Main.storyboard in Resources */,
				E74932D81D2CC367009AF9B0 /* Funnel.png in Resources */,
				E755694F1D2C7BC30015D157 /* Windmill Thing.png in Resources */,
			);
			runOnlyForDeploymentPostprocessing = 0;
		};
		E75569241D2C798E0015D157 /* Resources */ = {
			isa = PBXResourcesBuildPhase;
			buildActionMask = 2147483647;
			files = (
			);
			runOnlyForDeploymentPostprocessing = 0;
		};
		E755692F1D2C798E0015D157 /* Resources */ = {
			isa = PBXResourcesBuildPhase;
			buildActionMask = 2147483647;
			files = (
			);
			runOnlyForDeploymentPostprocessing = 0;
		};
/* End PBXResourcesBuildPhase section */

/* Begin PBXSourcesBuildPhase section */
		E755690A1D2C798E0015D157 /* Sources */ = {
			isa = PBXSourcesBuildPhase;
			buildActionMask = 2147483647;
			files = (
				E75569541D2C7E2F0015D157 /* Ball.swift in Sources */,
				E75569161D2C798E0015D157 /* GameScene.swift in Sources */,
				E75569181D2C798E0015D157 /* GameViewController.swift in Sources */,
				E75569121D2C798E0015D157 /* AppDelegate.swift in Sources */,
			);
			runOnlyForDeploymentPostprocessing = 0;
		};
		E75569221D2C798E0015D157 /* Sources */ = {
			isa = PBXSourcesBuildPhase;
			buildActionMask = 2147483647;
			files = (
				E755692B1D2C798E0015D157 /* BallzTests.swift in Sources */,
			);
			runOnlyForDeploymentPostprocessing = 0;
		};
		E755692D1D2C798E0015D157 /* Sources */ = {
			isa = PBXSourcesBuildPhase;
			buildActionMask = 2147483647;
			files = (
				E75569361D2C798E0015D157 /* BallzUITests.swift in Sources */,
			);
			runOnlyForDeploymentPostprocessing = 0;
		};
/* End PBXSourcesBuildPhase section */

/* Begin PBXTargetDependency section */
		E75569281D2C798E0015D157 /* PBXTargetDependency */ = {
			isa = PBXTargetDependency;
			target = E755690D1D2C798E0015D157 /* Ballz */;
			targetProxy = E75569271D2C798E0015D157 /* PBXContainerItemProxy */;
		};
		E75569331D2C798E0015D157 /* PBXTargetDependency */ = {
			isa = PBXTargetDependency;
			target = E755690D1D2C798E0015D157 /* Ballz */;
			targetProxy = E75569321D2C798E0015D157 /* PBXContainerItemProxy */;
		};
/* End PBXTargetDependency section */

/* Begin PBXVariantGroup section */
		E75569191D2C798E0015D157 /* Main.storyboard */ = {
			isa = PBXVariantGroup;
			children = (
				E755691A1D2C798E0015D157 /* Base */,
			);
			name = Main.storyboard;
			sourceTree = "<group>";
		};
		E755691E1D2C798E0015D157 /* LaunchScreen.storyboard */ = {
			isa = PBXVariantGroup;
			children = (
				E755691F1D2C798E0015D157 /* Base */,
			);
			name = LaunchScreen.storyboard;
			sourceTree = "<group>";
		};
/* End PBXVariantGroup section */

/* Begin XCBuildConfiguration section */
		E75569381D2C798E0015D157 /* Debug */ = {
			isa = XCBuildConfiguration;
			buildSettings = {
				ALWAYS_SEARCH_USER_PATHS = NO;
				CLANG_ANALYZER_NONNULL = YES;
				CLANG_CXX_LANGUAGE_STANDARD = "gnu++0x";
				CLANG_CXX_LIBRARY = "libc++";
				CLANG_ENABLE_MODULES = YES;
				CLANG_ENABLE_OBJC_ARC = YES;
				CLANG_WARN_BOOL_CONVERSION = YES;
				CLANG_WARN_CONSTANT_CONVERSION = YES;
				CLANG_WARN_DIRECT_OBJC_ISA_USAGE = YES_ERROR;
				CLANG_WARN_EMPTY_BODY = YES;
				CLANG_WARN_ENUM_CONVERSION = YES;
				CLANG_WARN_INT_CONVERSION = YES;
				CLANG_WARN_OBJC_ROOT_CLASS = YES_ERROR;
				CLANG_WARN_UNREACHABLE_CODE = YES;
				CLANG_WARN__DUPLICATE_METHOD_MATCH = YES;
				"CODE_SIGN_IDENTITY[sdk=iphoneos*]" = "iPhone Developer";
				COPY_PHASE_STRIP = NO;
				DEBUG_INFORMATION_FORMAT = "dwarf-with-dsym";
				ENABLE_STRICT_OBJC_MSGSEND = YES;
				ENABLE_TESTABILITY = YES;
				GCC_C_LANGUAGE_STANDARD = gnu99;
				GCC_DYNAMIC_NO_PIC = NO;
				GCC_NO_COMMON_BLOCKS = YES;
				GCC_OPTIMIZATION_LEVEL = 0;
				GCC_PREPROCESSOR_DEFINITIONS = (
					"DEBUG=1",
					"$(inherited)",
				);
				GCC_WARN_64_TO_32_BIT_CONVERSION = YES;
				GCC_WARN_ABOUT_RETURN_TYPE = YES_ERROR;
				GCC_WARN_UNDECLARED_SELECTOR = YES;
				GCC_WARN_UNINITIALIZED_AUTOS = YES_AGGRESSIVE;
				GCC_WARN_UNUSED_FUNCTION = YES;
				GCC_WARN_UNUSED_VARIABLE = YES;
				IPHONEOS_DEPLOYMENT_TARGET = 9.3;
				MTL_ENABLE_DEBUG_INFO = YES;
				ONLY_ACTIVE_ARCH = YES;
				SDKROOT = iphoneos;
				SWIFT_OPTIMIZATION_LEVEL = "-Onone";
				TARGETED_DEVICE_FAMILY = "1,2";
			};
			name = Debug;
		};
		E75569391D2C798E0015D157 /* Release */ = {
			isa = XCBuildConfiguration;
			buildSettings = {
				ALWAYS_SEARCH_USER_PATHS = NO;
				CLANG_ANALYZER_NONNULL = YES;
				CLANG_CXX_LANGUAGE_STANDARD = "gnu++0x";
				CLANG_CXX_LIBRARY = "libc++";
				CLANG_ENABLE_MODULES = YES;
				CLANG_ENABLE_OBJC_ARC = YES;
				CLANG_WARN_BOOL_CONVERSION = YES;
				CLANG_WARN_CONSTANT_CONVERSION = YES;
				CLANG_WARN_DIRECT_OBJC_ISA_USAGE = YES_ERROR;
				CLANG_WARN_EMPTY_BODY = YES;
				CLANG_WARN_ENUM_CONVERSION = YES;
				CLANG_WARN_INT_CONVERSION = YES;
				CLANG_WARN_OBJC_ROOT_CLASS = YES_ERROR;
				CLANG_WARN_UNREACHABLE_CODE = YES;
				CLANG_WARN__DUPLICATE_METHOD_MATCH = YES;
				"CODE_SIGN_IDENTITY[sdk=iphoneos*]" = "iPhone Developer";
				COPY_PHASE_STRIP = NO;
				DEBUG_INFORMATION_FORMAT = "dwarf-with-dsym";
				ENABLE_NS_ASSERTIONS = NO;
				ENABLE_STRICT_OBJC_MSGSEND = YES;
				GCC_C_LANGUAGE_STANDARD = gnu99;
				GCC_NO_COMMON_BLOCKS = YES;
				GCC_WARN_64_TO_32_BIT_CONVERSION = YES;
				GCC_WARN_ABOUT_RETURN_TYPE = YES_ERROR;
				GCC_WARN_UNDECLARED_SELECTOR = YES;
				GCC_WARN_UNINITIALIZED_AUTOS = YES_AGGRESSIVE;
				GCC_WARN_UNUSED_FUNCTION = YES;
				GCC_WARN_UNUSED_VARIABLE = YES;
				IPHONEOS_DEPLOYMENT_TARGET = 9.3;
				MTL_ENABLE_DEBUG_INFO = NO;
				SDKROOT = iphoneos;
				TARGETED_DEVICE_FAMILY = "1,2";
				VALIDATE_PRODUCT = YES;
			};
			name = Release;
		};
		E755693B1D2C798E0015D157 /* Debug */ = {
			isa = XCBuildConfiguration;
			buildSettings = {
				ASSETCATALOG_COMPILER_APPICON_NAME = AppIcon;
				INFOPLIST_FILE = Ballz/Info.plist;
				LD_RUNPATH_SEARCH_PATHS = "$(inherited) @executable_path/Frameworks";
				PRODUCT_BUNDLE_IDENTIFIER = com.AlanGao.Ballz;
				PRODUCT_NAME = "$(TARGET_NAME)";
			};
			name = Debug;
		};
		E755693C1D2C798E0015D157 /* Release */ = {
			isa = XCBuildConfiguration;
			buildSettings = {
				ASSETCATALOG_COMPILER_APPICON_NAME = AppIcon;
				INFOPLIST_FILE = Ballz/Info.plist;
				LD_RUNPATH_SEARCH_PATHS = "$(inherited) @executable_path/Frameworks";
				PRODUCT_BUNDLE_IDENTIFIER = com.AlanGao.Ballz;
				PRODUCT_NAME = "$(TARGET_NAME)";
			};
			name = Release;
		};
		E755693E1D2C798E0015D157 /* Debug */ = {
			isa = XCBuildConfiguration;
			buildSettings = {
				BUNDLE_LOADER = "$(TEST_HOST)";
				DEBUG_INFORMATION_FORMAT = dwarf;
				INFOPLIST_FILE = BallzTests/Info.plist;
				LD_RUNPATH_SEARCH_PATHS = "$(inherited) @executable_path/Frameworks @loader_path/Frameworks";
				PRODUCT_BUNDLE_IDENTIFIER = com.AlanGao.BallzTests;
				PRODUCT_NAME = "$(TARGET_NAME)";
				TEST_HOST = "$(BUILT_PRODUCTS_DIR)/Ballz.app/Ballz";
			};
			name = Debug;
		};
		E755693F1D2C798E0015D157 /* Release */ = {
			isa = XCBuildConfiguration;
			buildSettings = {
				BUNDLE_LOADER = "$(TEST_HOST)";
				INFOPLIST_FILE = BallzTests/Info.plist;
				LD_RUNPATH_SEARCH_PATHS = "$(inherited) @executable_path/Frameworks @loader_path/Frameworks";
				PRODUCT_BUNDLE_IDENTIFIER = com.AlanGao.BallzTests;
				PRODUCT_NAME = "$(TARGET_NAME)";
				TEST_HOST = "$(BUILT_PRODUCTS_DIR)/Ballz.app/Ballz";
			};
			name = Release;
		};
		E75569411D2C798E0015D157 /* Debug */ = {
			isa = XCBuildConfiguration;
			buildSettings = {
				DEBUG_INFORMATION_FORMAT = dwarf;
				INFOPLIST_FILE = BallzUITests/Info.plist;
				LD_RUNPATH_SEARCH_PATHS = "$(inherited) @executable_path/Frameworks @loader_path/Frameworks";
				PRODUCT_BUNDLE_IDENTIFIER = com.AlanGao.BallzUITests;
				PRODUCT_NAME = "$(TARGET_NAME)";
				TEST_TARGET_NAME = Ballz;
			};
			name = Debug;
		};
		E75569421D2C798E0015D157 /* Release */ = {
			isa = XCBuildConfiguration;
			buildSettings = {
				INFOPLIST_FILE = BallzUITests/Info.plist;
				LD_RUNPATH_SEARCH_PATHS = "$(inherited) @executable_path/Frameworks @loader_path/Frameworks";
				PRODUCT_BUNDLE_IDENTIFIER = com.AlanGao.BallzUITests;
				PRODUCT_NAME = "$(TARGET_NAME)";
				TEST_TARGET_NAME = Ballz;
			};
			name = Release;
		};
/* End XCBuildConfiguration section */

/* Begin XCConfigurationList section */
		E75569091D2C798E0015D157 /* Build configuration list for PBXProject "Ballz" */ = {
			isa = XCConfigurationList;
			buildConfigurations = (
				E75569381D2C798E0015D157 /* Debug */,
				E75569391D2C798E0015D157 /* Release */,
			);
			defaultConfigurationIsVisible = 0;
			defaultConfigurationName = Release;
		};
		E755693A1D2C798E0015D157 /* Build configuration list for PBXNativeTarget "Ballz" */ = {
			isa = XCConfigurationList;
			buildConfigurations = (
				E755693B1D2C798E0015D157 /* Debug */,
				E755693C1D2C798E0015D157 /* Release */,
			);
			defaultConfigurationIsVisible = 0;
			defaultConfigurationName = Release;
		};
		E755693D1D2C798E0015D157 /* Build configuration list for PBXNativeTarget "BallzTests" */ = {
			isa = XCConfigurationList;
			buildConfigurations = (
				E755693E1D2C798E0015D157 /* Debug */,
				E755693F1D2C798E0015D157 /* Release */,
			);
			defaultConfigurationIsVisible = 0;
			defaultConfigurationName = Release;
		};
		E75569401D2C798E0015D157 /* Build configuration list for PBXNativeTarget "BallzUITests" */ = {
			isa = XCConfigurationList;
			buildConfigurations = (
				E75569411D2C798E0015D157 /* Debug */,
				E75569421D2C798E0015D157 /* Release */,
			);
			defaultConfigurationIsVisible = 0;
			defaultConfigurationName = Release;
		};
/* End XCConfigurationList section */
	};
	rootObject = E75569061D2C798E0015D157 /* Project object */;
}
